// !$*UTF8*$!
{
	archiveVersion = 1;
	classes = {
	};
	objectVersion = 56;
	objects = {

/* Begin PBXBuildFile section */
		42BC0D3C29B40358009E06AB /* SchoolsSwiftUIApp.swift in Sources */ = {isa = PBXBuildFile; fileRef = 42BC0D3B29B40358009E06AB /* SchoolsSwiftUIApp.swift */; };
		42BC0D4029B40359009E06AB /* Assets.xcassets in Resources */ = {isa = PBXBuildFile; fileRef = 42BC0D3F29B40359009E06AB /* Assets.xcassets */; };
		42BC0D4329B40359009E06AB /* Preview Assets.xcassets in Resources */ = {isa = PBXBuildFile; fileRef = 42BC0D4229B40359009E06AB /* Preview Assets.xcassets */; };
		42BC0D4C29B40696009E06AB /* SchoolTabView.swift in Sources */ = {isa = PBXBuildFile; fileRef = 42BC0D4B29B40696009E06AB /* SchoolTabView.swift */; };
		42BC0D5029B41794009E06AB /* TestObj.swift in Sources */ = {isa = PBXBuildFile; fileRef = 42BC0D4F29B41794009E06AB /* TestObj.swift */; };
		42BC0D5229B41AF0009E06AB /* CustomTabView.swift in Sources */ = {isa = PBXBuildFile; fileRef = 42BC0D5129B41AF0009E06AB /* CustomTabView.swift */; };
		42BC0D5629B44066009E06AB /* SchoolListView.swift in Sources */ = {isa = PBXBuildFile; fileRef = 42BC0D5529B44066009E06AB /* SchoolListView.swift */; };
		42BC0D5829B440CE009E06AB /* SchoolDetailView.swift in Sources */ = {isa = PBXBuildFile; fileRef = 42BC0D5729B440CE009E06AB /* SchoolDetailView.swift */; };
		42BC0D5A29B4432F009E06AB /* SettingsView.swift in Sources */ = {isa = PBXBuildFile; fileRef = 42BC0D5929B4432F009E06AB /* SettingsView.swift */; };
		42D7A29B29B45642000F3BE6 /* NavStackView.swift in Sources */ = {isa = PBXBuildFile; fileRef = 42D7A29A29B45642000F3BE6 /* NavStackView.swift */; };
/* End PBXBuildFile section */

/* Begin PBXFileReference section */
		42BC0D3829B40358009E06AB /* SchoolsSwiftUI.app */ = {isa = PBXFileReference; explicitFileType = wrapper.application; includeInIndex = 0; path = SchoolsSwiftUI.app; sourceTree = BUILT_PRODUCTS_DIR; };
		42BC0D3B29B40358009E06AB /* SchoolsSwiftUIApp.swift */ = {isa = PBXFileReference; lastKnownFileType = sourcecode.swift; path = SchoolsSwiftUIApp.swift; sourceTree = "<group>"; };
		42BC0D3F29B40359009E06AB /* Assets.xcassets */ = {isa = PBXFileReference; lastKnownFileType = folder.assetcatalog; path = Assets.xcassets; sourceTree = "<group>"; };
		42BC0D4229B40359009E06AB /* Preview Assets.xcassets */ = {isa = PBXFileReference; lastKnownFileType = folder.assetcatalog; path = "Preview Assets.xcassets"; sourceTree = "<group>"; };
		42BC0D4B29B40696009E06AB /* SchoolTabView.swift */ = {isa = PBXFileReference; lastKnownFileType = sourcecode.swift; path = SchoolTabView.swift; sourceTree = "<group>"; };
		42BC0D4F29B41794009E06AB /* TestObj.swift */ = {isa = PBXFileReference; lastKnownFileType = sourcecode.swift; path = TestObj.swift; sourceTree = "<group>"; };
		42BC0D5129B41AF0009E06AB /* CustomTabView.swift */ = {isa = PBXFileReference; lastKnownFileType = sourcecode.swift; path = CustomTabView.swift; sourceTree = "<group>"; };
		42BC0D5529B44066009E06AB /* SchoolListView.swift */ = {isa = PBXFileReference; lastKnownFileType = sourcecode.swift; path = SchoolListView.swift; sourceTree = "<group>"; };
		42BC0D5729B440CE009E06AB /* SchoolDetailView.swift */ = {isa = PBXFileReference; lastKnownFileType = sourcecode.swift; path = SchoolDetailView.swift; sourceTree = "<group>"; };
		42BC0D5929B4432F009E06AB /* SettingsView.swift */ = {isa = PBXFileReference; lastKnownFileType = sourcecode.swift; path = SettingsView.swift; sourceTree = "<group>"; };
		42D7A29A29B45642000F3BE6 /* NavStackView.swift */ = {isa = PBXFileReference; lastKnownFileType = sourcecode.swift; path = NavStackView.swift; sourceTree = "<group>"; };
/* End PBXFileReference section */

/* Begin PBXFrameworksBuildPhase section */
		42BC0D3529B40358009E06AB /* Frameworks */ = {
			isa = PBXFrameworksBuildPhase;
			buildActionMask = 2147483647;
			files = (
			);
			runOnlyForDeploymentPostprocessing = 0;
		};
/* End PBXFrameworksBuildPhase section */

/* Begin PBXGroup section */
		42BC0D2F29B40358009E06AB = {
			isa = PBXGroup;
			children = (
				42BC0D3A29B40358009E06AB /* SchoolsSwiftUI */,
				42BC0D3929B40358009E06AB /* Products */,
			);
			sourceTree = "<group>";
		};
		42BC0D3929B40358009E06AB /* Products */ = {
			isa = PBXGroup;
			children = (
				42BC0D3829B40358009E06AB /* SchoolsSwiftUI.app */,
			);
			name = Products;
			sourceTree = "<group>";
		};
		42BC0D3A29B40358009E06AB /* SchoolsSwiftUI */ = {
			isa = PBXGroup;
			children = (
				42BC0D3B29B40358009E06AB /* SchoolsSwiftUIApp.swift */,
				42BC0D4B29B40696009E06AB /* SchoolTabView.swift */,
				42BC0D5529B44066009E06AB /* SchoolListView.swift */,
				42BC0D5729B440CE009E06AB /* SchoolDetailView.swift */,
				42BC0D5929B4432F009E06AB /* SettingsView.swift */,
				42BC0D4F29B41794009E06AB /* TestObj.swift */,
				42BC0D5429B44018009E06AB /* CustonTabView */,
				42BC0D3F29B40359009E06AB /* Assets.xcassets */,
				42BC0D4129B40359009E06AB /* Preview Content */,
			);
			path = SchoolsSwiftUI;
			sourceTree = "<group>";
		};
		42BC0D4129B40359009E06AB /* Preview Content */ = {
			isa = PBXGroup;
			children = (
				42BC0D4229B40359009E06AB /* Preview Assets.xcassets */,
			);
			path = "Preview Content";
			sourceTree = "<group>";
		};
		42BC0D5429B44018009E06AB /* CustonTabView */ = {
			isa = PBXGroup;
			children = (
				42BC0D5129B41AF0009E06AB /* CustomTabView.swift */,
				42D7A29A29B45642000F3BE6 /* NavStackView.swift */,
			);
			path = CustonTabView;
			sourceTree = "<group>";
		};
/* End PBXGroup section */

/* Begin PBXNativeTarget section */
		42BC0D3729B40358009E06AB /* SchoolsSwiftUI */ = {
			isa = PBXNativeTarget;
			buildConfigurationList = 42BC0D4629B40359009E06AB /* Build configuration list for PBXNativeTarget "SchoolsSwiftUI" */;
			buildPhases = (
				42BC0D3429B40358009E06AB /* Sources */,
				42BC0D3529B40358009E06AB /* Frameworks */,
				42BC0D3629B40358009E06AB /* Resources */,
			);
			buildRules = (
			);
			dependencies = (
			);
			name = SchoolsSwiftUI;
			productName = SchoolsSwiftUI;
			productReference = 42BC0D3829B40358009E06AB /* SchoolsSwiftUI.app */;
			productType = "com.apple.product-type.application";
		};
/* End PBXNativeTarget section */

/* Begin PBXProject section */
		42BC0D3029B40358009E06AB /* Project object */ = {
			isa = PBXProject;
			attributes = {
				BuildIndependentTargetsInParallel = 1;
				LastSwiftUpdateCheck = 1420;
				LastUpgradeCheck = 1420;
				TargetAttributes = {
					42BC0D3729B40358009E06AB = {
						CreatedOnToolsVersion = 14.2;
					};
				};
			};
			buildConfigurationList = 42BC0D3329B40358009E06AB /* Build configuration list for PBXProject "SchoolsSwiftUI" */;
			compatibilityVersion = "Xcode 14.0";
			developmentRegion = en;
			hasScannedForEncodings = 0;
			knownRegions = (
				en,
				Base,
			);
			mainGroup = 42BC0D2F29B40358009E06AB;
			productRefGroup = 42BC0D3929B40358009E06AB /* Products */;
			projectDirPath = "";
			projectRoot = "";
			targets = (
				42BC0D3729B40358009E06AB /* SchoolsSwiftUI */,
			);
		};
/* End PBXProject section */

/* Begin PBXResourcesBuildPhase section */
		42BC0D3629B40358009E06AB /* Resources */ = {
			isa = PBXResourcesBuildPhase;
			buildActionMask = 2147483647;
			files = (
				42BC0D4329B40359009E06AB /* Preview Assets.xcassets in Resources */,
				42BC0D4029B40359009E06AB /* Assets.xcassets in Resources */,
			);
			runOnlyForDeploymentPostprocessing = 0;
		};
/* End PBXResourcesBuildPhase section */

/* Begin PBXSourcesBuildPhase section */
		42BC0D3429B40358009E06AB /* Sources */ = {
			isa = PBXSourcesBuildPhase;
			buildActionMask = 2147483647;
			files = (
				42BC0D5A29B4432F009E06AB /* SettingsView.swift in Sources */,
				42BC0D4C29B40696009E06AB /* SchoolTabView.swift in Sources */,
				42BC0D5629B44066009E06AB /* SchoolListView.swift in Sources */,
				42D7A29B29B45642000F3BE6 /* NavStackView.swift in Sources */,
				42BC0D3C29B40358009E06AB /* SchoolsSwiftUIApp.swift in Sources */,
				42BC0D5229B41AF0009E06AB /* CustomTabView.swift in Sources */,
				42BC0D5029B41794009E06AB /* TestObj.swift in Sources */,
				42BC0D5829B440CE009E06AB /* SchoolDetailView.swift in Sources */,
			);
			runOnlyForDeploymentPostprocessing = 0;
		};
/* End PBXSourcesBuildPhase section */

/* Begin XCBuildConfiguration section */
		42BC0D4429B40359009E06AB /* Debug */ = {
			isa = XCBuildConfiguration;
			buildSettings = {
				ALWAYS_SEARCH_USER_PATHS = NO;
				CLANG_ANALYZER_NONNULL = YES;
				CLANG_ANALYZER_NUMBER_OBJECT_CONVERSION = YES_AGGRESSIVE;
				CLANG_CXX_LANGUAGE_STANDARD = "gnu++20";
				CLANG_ENABLE_MODULES = YES;
				CLANG_ENABLE_OBJC_ARC = YES;
				CLANG_ENABLE_OBJC_WEAK = YES;
				CLANG_WARN_BLOCK_CAPTURE_AUTORELEASING = YES;
				CLANG_WARN_BOOL_CONVERSION = YES;
				CLANG_WARN_COMMA = YES;
				CLANG_WARN_CONSTANT_CONVERSION = YES;
				CLANG_WARN_DEPRECATED_OBJC_IMPLEMENTATIONS = YES;
				CLANG_WARN_DIRECT_OBJC_ISA_USAGE = YES_ERROR;
				CLANG_WARN_DOCUMENTATION_COMMENTS = YES;
				CLANG_WARN_EMPTY_BODY = YES;
				CLANG_WARN_ENUM_CONVERSION = YES;
				CLANG_WARN_INFINITE_RECURSION = YES;
				CLANG_WARN_INT_CONVERSION = YES;
				CLANG_WARN_NON_LITERAL_NULL_CONVERSION = YES;
				CLANG_WARN_OBJC_IMPLICIT_RETAIN_SELF = YES;
				CLANG_WARN_OBJC_LITERAL_CONVERSION = YES;
				CLANG_WARN_OBJC_ROOT_CLASS = YES_ERROR;
				CLANG_WARN_QUOTED_INCLUDE_IN_FRAMEWORK_HEADER = YES;
				CLANG_WARN_RANGE_LOOP_ANALYSIS = YES;
				CLANG_WARN_STRICT_PROTOTYPES = YES;
				CLANG_WARN_SUSPICIOUS_MOVE = YES;
				CLANG_WARN_UNGUARDED_AVAILABILITY = YES_AGGRESSIVE;
				CLANG_WARN_UNREACHABLE_CODE = YES;
				CLANG_WARN__DUPLICATE_METHOD_MATCH = YES;
				COPY_PHASE_STRIP = NO;
				DEBUG_INFORMATION_FORMAT = dwarf;
				ENABLE_STRICT_OBJC_MSGSEND = YES;
				ENABLE_TESTABILITY = YES;
				GCC_C_LANGUAGE_STANDARD = gnu11;
				GCC_DYNAMIC_NO_PIC = NO;
				GCC_NO_COMMON_BLOCKS = YES;
				GCC_OPTIMIZATION_LEVEL = 0;
				GCC_PREPROCESSOR_DEFINITIONS = (
					"DEBUG=1",
					"$(inherited)",
				);
				GCC_WARN_64_TO_32_BIT_CONVERSION = YES;
				GCC_WARN_ABOUT_RETURN_TYPE = YES_ERROR;
				GCC_WARN_UNDECLARED_SELECTOR = YES;
				GCC_WARN_UNINITIALIZED_AUTOS = YES_AGGRESSIVE;
				GCC_WARN_UNUSED_FUNCTION = YES;
				GCC_WARN_UNUSED_VARIABLE = YES;
				IPHONEOS_DEPLOYMENT_TARGET = 16.2;
				MTL_ENABLE_DEBUG_INFO = INCLUDE_SOURCE;
				MTL_FAST_MATH = YES;
				ONLY_ACTIVE_ARCH = YES;
				SDKROOT = iphoneos;
				SWIFT_ACTIVE_COMPILATION_CONDITIONS = DEBUG;
				SWIFT_OPTIMIZATION_LEVEL = "-Onone";
			};
			name = Debug;
		};
		42BC0D4529B40359009E06AB /* Release */ = {
			isa = XCBuildConfiguration;
			buildSettings = {
				ALWAYS_SEARCH_USER_PATHS = NO;
				CLANG_ANALYZER_NONNULL = YES;
				CLANG_ANALYZER_NUMBER_OBJECT_CONVERSION = YES_AGGRESSIVE;
				CLANG_CXX_LANGUAGE_STANDARD = "gnu++20";
				CLANG_ENABLE_MODULES = YES;
				CLANG_ENABLE_OBJC_ARC = YES;
				CLANG_ENABLE_OBJC_WEAK = YES;
				CLANG_WARN_BLOCK_CAPTURE_AUTORELEASING = YES;
				CLANG_WARN_BOOL_CONVERSION = YES;
				CLANG_WARN_COMMA = YES;
				CLANG_WARN_CONSTANT_CONVERSION = YES;
				CLANG_WARN_DEPRECATED_OBJC_IMPLEMENTATIONS = YES;
				CLANG_WARN_DIRECT_OBJC_ISA_USAGE = YES_ERROR;
				CLANG_WARN_DOCUMENTATION_COMMENTS = YES;
				CLANG_WARN_EMPTY_BODY = YES;
				CLANG_WARN_ENUM_CONVERSION = YES;
				CLANG_WARN_INFINITE_RECURSION = YES;
				CLANG_WARN_INT_CONVERSION = YES;
				CLANG_WARN_NON_LITERAL_NULL_CONVERSION = YES;
				CLANG_WARN_OBJC_IMPLICIT_RETAIN_SELF = YES;
				CLANG_WARN_OBJC_LITERAL_CONVERSION = YES;
				CLANG_WARN_OBJC_ROOT_CLASS = YES_ERROR;
				CLANG_WARN_QUOTED_INCLUDE_IN_FRAMEWORK_HEADER = YES;
				CLANG_WARN_RANGE_LOOP_ANALYSIS = YES;
				CLANG_WARN_STRICT_PROTOTYPES = YES;
				CLANG_WARN_SUSPICIOUS_MOVE = YES;
				CLANG_WARN_UNGUARDED_AVAILABILITY = YES_AGGRESSIVE;
				CLANG_WARN_UNREACHABLE_CODE = YES;
				CLANG_WARN__DUPLICATE_METHOD_MATCH = YES;
				COPY_PHASE_STRIP = NO;
				DEBUG_INFORMATION_FORMAT = "dwarf-with-dsym";
				ENABLE_NS_ASSERTIONS = NO;
				ENABLE_STRICT_OBJC_MSGSEND = YES;
				GCC_C_LANGUAGE_STANDARD = gnu11;
				GCC_NO_COMMON_BLOCKS = YES;
				GCC_WARN_64_TO_32_BIT_CONVERSION = YES;
				GCC_WARN_ABOUT_RETURN_TYPE = YES_ERROR;
				GCC_WARN_UNDECLARED_SELECTOR = YES;
				GCC_WARN_UNINITIALIZED_AUTOS = YES_AGGRESSIVE;
				GCC_WARN_UNUSED_FUNCTION = YES;
				GCC_WARN_UNUSED_VARIABLE = YES;
				IPHONEOS_DEPLOYMENT_TARGET = 16.2;
				MTL_ENABLE_DEBUG_INFO = NO;
				MTL_FAST_MATH = YES;
				SDKROOT = iphoneos;
				SWIFT_COMPILATION_MODE = wholemodule;
				SWIFT_OPTIMIZATION_LEVEL = "-O";
				VALIDATE_PRODUCT = YES;
			};
			name = Release;
		};
		42BC0D4729B40359009E06AB /* Debug */ = {
			isa = XCBuildConfiguration;
			buildSettings = {
				ASSETCATALOG_COMPILER_APPICON_NAME = AppIcon;
				ASSETCATALOG_COMPILER_GLOBAL_ACCENT_COLOR_NAME = AccentColor;
				CODE_SIGN_STYLE = Automatic;
				CURRENT_PROJECT_VERSION = 1;
				DEVELOPMENT_ASSET_PATHS = "\"SchoolsSwiftUI/Preview Content\"";
				ENABLE_PREVIEWS = YES;
				GENERATE_INFOPLIST_FILE = YES;
				INFOPLIST_KEY_UIApplicationSceneManifest_Generation = YES;
				INFOPLIST_KEY_UIApplicationSupportsIndirectInputEvents = YES;
				INFOPLIST_KEY_UILaunchScreen_Generation = YES;
				INFOPLIST_KEY_UISupportedInterfaceOrientations_iPad = "UIInterfaceOrientationPortrait UIInterfaceOrientationPortraitUpsideDown UIInterfaceOrientationLandscapeLeft UIInterfaceOrientationLandscapeRight";
				INFOPLIST_KEY_UISupportedInterfaceOrientations_iPhone = "UIInterfaceOrientationPortrait UIInterfaceOrientationLandscapeLeft UIInterfaceOrientationLandscapeRight";
				LD_RUNPATH_SEARCH_PATHS = (
					"$(inherited)",
					"@executable_path/Frameworks",
				);
				MARKETING_VERSION = 1.0;
				PRODUCT_BUNDLE_IDENTIFIER = demo.test.com.SchoolsSwiftUI;
				PRODUCT_NAME = "$(TARGET_NAME)";
				SWIFT_EMIT_LOC_STRINGS = YES;
				SWIFT_VERSION = 5.0;
				TARGETED_DEVICE_FAMILY = "1,2";
			};
			name = Debug;
		};
		42BC0D4829B40359009E06AB /* Release */ = {
			isa = XCBuildConfiguration;
			buildSettings = {
				ASSETCATALOG_COMPILER_APPICON_NAME = AppIcon;
				ASSETCATALOG_COMPILER_GLOBAL_ACCENT_COLOR_NAME = AccentColor;
				CODE_SIGN_STYLE = Automatic;
				CURRENT_PROJECT_VERSION = 1;
				DEVELOPMENT_ASSET_PATHS = "\"SchoolsSwiftUI/Preview Content\"";
				ENABLE_PREVIEWS = YES;
				GENERATE_INFOPLIST_FILE = YES;
				INFOPLIST_KEY_UIApplicationSceneManifest_Generation = YES;
				INFOPLIST_KEY_UIApplicationSupportsIndirectInputEvents = YES;
				INFOPLIST_KEY_UILaunchScreen_Generation = YES;
				INFOPLIST_KEY_UISupportedInterfaceOrientations_iPad = "UIInterfaceOrientationPortrait UIInterfaceOrientationPortraitUpsideDown UIInterfaceOrientationLandscapeLeft UIInterfaceOrientationLandscapeRight";
				INFOPLIST_KEY_UISupportedInterfaceOrientations_iPhone = "UIInterfaceOrientationPortrait UIInterfaceOrientationLandscapeLeft UIInterfaceOrientationLandscapeRight";
				LD_RUNPATH_SEARCH_PATHS = (
					"$(inherited)",
					"@executable_path/Frameworks",
				);
				MARKETING_VERSION = 1.0;
				PRODUCT_BUNDLE_IDENTIFIER = demo.test.com.SchoolsSwiftUI;
				PRODUCT_NAME = "$(TARGET_NAME)";
				SWIFT_EMIT_LOC_STRINGS = YES;
				SWIFT_VERSION = 5.0;
				TARGETED_DEVICE_FAMILY = "1,2";
			};
			name = Release;
		};
/* End XCBuildConfiguration section */

/* Begin XCConfigurationList section */
		42BC0D3329B40358009E06AB /* Build configuration list for PBXProject "SchoolsSwiftUI" */ = {
			isa = XCConfigurationList;
			buildConfigurations = (
				42BC0D4429B40359009E06AB /* Debug */,
				42BC0D4529B40359009E06AB /* Release */,
			);
			defaultConfigurationIsVisible = 0;
			defaultConfigurationName = Release;
		};
		42BC0D4629B40359009E06AB /* Build configuration list for PBXNativeTarget "SchoolsSwiftUI" */ = {
			isa = XCConfigurationList;
			buildConfigurations = (
				42BC0D4729B40359009E06AB /* Debug */,
				42BC0D4829B40359009E06AB /* Release */,
			);
			defaultConfigurationIsVisible = 0;
			defaultConfigurationName = Release;
		};
/* End XCConfigurationList section */
	};
	rootObject = 42BC0D3029B40358009E06AB /* Project object */;
}
